// !$*UTF8*$!
{
	archiveVersion = 1;
	classes = {
	};
	objectVersion = 51;
	objects = {

/* Begin PBXBuildFile section */
		00F47A963AE2743E83BE1A40 /* Pods_RandomGame.framework in Frameworks */ = {isa = PBXBuildFile; fileRef = 1845DA0F4C945D6CB6040AC0 /* Pods_RandomGame.framework */; };
		A67A5B4726CF54680020944B /* AppDelegate.swift in Sources */ = {isa = PBXBuildFile; fileRef = A67A5B4626CF54680020944B /* AppDelegate.swift */; };
		A67A5B4926CF54680020944B /* SceneDelegate.swift in Sources */ = {isa = PBXBuildFile; fileRef = A67A5B4826CF54680020944B /* SceneDelegate.swift */; };
		A67A5B4B26CF54680020944B /* RandomGameViewController.swift in Sources */ = {isa = PBXBuildFile; fileRef = A67A5B4A26CF54680020944B /* RandomGameViewController.swift */; };
		A67A5B4E26CF54680020944B /* Main.storyboard in Resources */ = {isa = PBXBuildFile; fileRef = A67A5B4C26CF54680020944B /* Main.storyboard */; };
		A67A5B5026CF546A0020944B /* Assets.xcassets in Resources */ = {isa = PBXBuildFile; fileRef = A67A5B4F26CF546A0020944B /* Assets.xcassets */; };
		A67A5B5326CF546A0020944B /* LaunchScreen.storyboard in Resources */ = {isa = PBXBuildFile; fileRef = A67A5B5126CF546A0020944B /* LaunchScreen.storyboard */; };
		A69429AE26D0C7AC008C0F61 /* ResultViewController.swift in Sources */ = {isa = PBXBuildFile; fileRef = A69429AD26D0C7AC008C0F61 /* ResultViewController.swift */; };
		A6C20B3526D3B5F30032CEE5 /* boom.gif in Resources */ = {isa = PBXBuildFile; fileRef = A6C20B3426D3B5F30032CEE5 /* boom.gif */; };
/* End PBXBuildFile section */

/* Begin PBXFileReference section */
		1845DA0F4C945D6CB6040AC0 /* Pods_RandomGame.framework */ = {isa = PBXFileReference; explicitFileType = wrapper.framework; includeInIndex = 0; path = Pods_RandomGame.framework; sourceTree = BUILT_PRODUCTS_DIR; };
		A1B46619BFDA5EBAA69A7D2E /* Pods-RandomGame.debug.xcconfig */ = {isa = PBXFileReference; includeInIndex = 1; lastKnownFileType = text.xcconfig; name = "Pods-RandomGame.debug.xcconfig"; path = "Target Support Files/Pods-RandomGame/Pods-RandomGame.debug.xcconfig"; sourceTree = "<group>"; };
		A67A5B4326CF54680020944B /* RandomGame.app */ = {isa = PBXFileReference; explicitFileType = wrapper.application; includeInIndex = 0; path = RandomGame.app; sourceTree = BUILT_PRODUCTS_DIR; };
		A67A5B4626CF54680020944B /* AppDelegate.swift */ = {isa = PBXFileReference; lastKnownFileType = sourcecode.swift; path = AppDelegate.swift; sourceTree = "<group>"; };
		A67A5B4826CF54680020944B /* SceneDelegate.swift */ = {isa = PBXFileReference; lastKnownFileType = sourcecode.swift; path = SceneDelegate.swift; sourceTree = "<group>"; };
		A67A5B4A26CF54680020944B /* RandomGameViewController.swift */ = {isa = PBXFileReference; lastKnownFileType = sourcecode.swift; path = RandomGameViewController.swift; sourceTree = "<group>"; };
		A67A5B4D26CF54680020944B /* Base */ = {isa = PBXFileReference; lastKnownFileType = file.storyboard; name = Base; path = Base.lproj/Main.storyboard; sourceTree = "<group>"; };
		A67A5B4F26CF546A0020944B /* Assets.xcassets */ = {isa = PBXFileReference; lastKnownFileType = folder.assetcatalog; path = Assets.xcassets; sourceTree = "<group>"; };
		A67A5B5226CF546A0020944B /* Base */ = {isa = PBXFileReference; lastKnownFileType = file.storyboard; name = Base; path = Base.lproj/LaunchScreen.storyboard; sourceTree = "<group>"; };
		A67A5B5426CF546A0020944B /* Info.plist */ = {isa = PBXFileReference; lastKnownFileType = text.plist.xml; path = Info.plist; sourceTree = "<group>"; };
		A69429AD26D0C7AC008C0F61 /* ResultViewController.swift */ = {isa = PBXFileReference; lastKnownFileType = sourcecode.swift; path = ResultViewController.swift; sourceTree = "<group>"; };
		A6C20B3426D3B5F30032CEE5 /* boom.gif */ = {isa = PBXFileReference; lastKnownFileType = image.gif; path = boom.gif; sourceTree = "<group>"; };
		BB752439B5D55509995C7B34 /* Pods-RandomGame.release.xcconfig */ = {isa = PBXFileReference; includeInIndex = 1; lastKnownFileType = text.xcconfig; name = "Pods-RandomGame.release.xcconfig"; path = "Target Support Files/Pods-RandomGame/Pods-RandomGame.release.xcconfig"; sourceTree = "<group>"; };
/* End PBXFileReference section */

/* Begin PBXFrameworksBuildPhase section */
		A67A5B4026CF54680020944B /* Frameworks */ = {
			isa = PBXFrameworksBuildPhase;
			buildActionMask = 2147483647;
			files = (
				00F47A963AE2743E83BE1A40 /* Pods_RandomGame.framework in Frameworks */,
			);
			runOnlyForDeploymentPostprocessing = 0;
		};
/* End PBXFrameworksBuildPhase section */

/* Begin PBXGroup section */
		A67A5B3A26CF54680020944B = {
			isa = PBXGroup;
			children = (
				A67A5B4526CF54680020944B /* RandomGame */,
				A67A5B4426CF54680020944B /* Products */,
				D1E4360EF4A5F298F50D3631 /* Pods */,
				C34B97794B15E51CD1AFA08A /* Frameworks */,
			);
			sourceTree = "<group>";
		};
		A67A5B4426CF54680020944B /* Products */ = {
			isa = PBXGroup;
			children = (
				A67A5B4326CF54680020944B /* RandomGame.app */,
			);
			name = Products;
			sourceTree = "<group>";
		};
		A67A5B4526CF54680020944B /* RandomGame */ = {
			isa = PBXGroup;
			children = (
				A67A5B4626CF54680020944B /* AppDelegate.swift */,
				A67A5B4826CF54680020944B /* SceneDelegate.swift */,
				A69429A926D0C667008C0F61 /* Controller */,
				A69429AA26D0C671008C0F61 /* View */,
				A67A5B4F26CF546A0020944B /* Assets.xcassets */,
				A6C20B3626D3B5F90032CEE5 /* Resource */,
				A67A5B5126CF546A0020944B /* LaunchScreen.storyboard */,
				A67A5B5426CF546A0020944B /* Info.plist */,
			);
			path = RandomGame;
			sourceTree = "<group>";
		};
		A69429A926D0C667008C0F61 /* Controller */ = {
			isa = PBXGroup;
			children = (
				A67A5B4A26CF54680020944B /* RandomGameViewController.swift */,
				A69429AD26D0C7AC008C0F61 /* ResultViewController.swift */,
			);
			path = Controller;
			sourceTree = "<group>";
		};
		A69429AA26D0C671008C0F61 /* View */ = {
			isa = PBXGroup;
			children = (
				A67A5B4C26CF54680020944B /* Main.storyboard */,
			);
			path = View;
			sourceTree = "<group>";
		};
		A6C20B3626D3B5F90032CEE5 /* Resource */ = {
			isa = PBXGroup;
			children = (
				A6C20B3426D3B5F30032CEE5 /* boom.gif */,
			);
			path = Resource;
			sourceTree = "<group>";
		};
		C34B97794B15E51CD1AFA08A /* Frameworks */ = {
			isa = PBXGroup;
			children = (
				1845DA0F4C945D6CB6040AC0 /* Pods_RandomGame.framework */,
			);
			name = Frameworks;
			sourceTree = "<group>";
		};
		D1E4360EF4A5F298F50D3631 /* Pods */ = {
			isa = PBXGroup;
			children = (
				A1B46619BFDA5EBAA69A7D2E /* Pods-RandomGame.debug.xcconfig */,
				BB752439B5D55509995C7B34 /* Pods-RandomGame.release.xcconfig */,
			);
			path = Pods;
			sourceTree = "<group>";
		};
/* End PBXGroup section */

/* Begin PBXNativeTarget section */
		A67A5B4226CF54680020944B /* RandomGame */ = {
			isa = PBXNativeTarget;
			buildConfigurationList = A67A5B5726CF546A0020944B /* Build configuration list for PBXNativeTarget "RandomGame" */;
			buildPhases = (
				ACA7B3CF45FB45495A45AC67 /* [CP] Check Pods Manifest.lock */,
				A67A5B3F26CF54680020944B /* Sources */,
				A67A5B4026CF54680020944B /* Frameworks */,
				A67A5B4126CF54680020944B /* Resources */,
				8295B71BE078F1AAD5287893 /* [CP] Embed Pods Frameworks */,
			);
			buildRules = (
			);
			dependencies = (
			);
			name = RandomGame;
			productName = RandomGame;
			productReference = A67A5B4326CF54680020944B /* RandomGame.app */;
			productType = "com.apple.product-type.application";
		};
/* End PBXNativeTarget section */

/* Begin PBXProject section */
		A67A5B3B26CF54680020944B /* Project object */ = {
			isa = PBXProject;
			attributes = {
				LastSwiftUpdateCheck = 1250;
				LastUpgradeCheck = 1250;
				TargetAttributes = {
					A67A5B4226CF54680020944B = {
						CreatedOnToolsVersion = 12.5;
					};
				};
			};
			buildConfigurationList = A67A5B3E26CF54680020944B /* Build configuration list for PBXProject "RandomGame" */;
			compatibilityVersion = "Xcode 9.3";
			developmentRegion = en;
			hasScannedForEncodings = 0;
			knownRegions = (
				en,
				Base,
			);
			mainGroup = A67A5B3A26CF54680020944B;
			productRefGroup = A67A5B4426CF54680020944B /* Products */;
			projectDirPath = "";
			projectRoot = "";
			targets = (
				A67A5B4226CF54680020944B /* RandomGame */,
			);
		};
/* End PBXProject section */

/* Begin PBXResourcesBuildPhase section */
		A67A5B4126CF54680020944B /* Resources */ = {
			isa = PBXResourcesBuildPhase;
			buildActionMask = 2147483647;
			files = (
				A67A5B5326CF546A0020944B /* LaunchScreen.storyboard in Resources */,
				A6C20B3526D3B5F30032CEE5 /* boom.gif in Resources */,
				A67A5B5026CF546A0020944B /* Assets.xcassets in Resources */,
				A67A5B4E26CF54680020944B /* Main.storyboard in Resources */,
			);
			runOnlyForDeploymentPostprocessing = 0;
		};
/* End PBXResourcesBuildPhase section */

/* Begin PBXShellScriptBuildPhase section */
		8295B71BE078F1AAD5287893 /* [CP] Embed Pods Frameworks */ = {
			isa = PBXShellScriptBuildPhase;
			buildActionMask = 2147483647;
			files = (
			);
			inputFileListPaths = (
				"${PODS_ROOT}/Target Support Files/Pods-RandomGame/Pods-RandomGame-frameworks-${CONFIGURATION}-input-files.xcfilelist",
			);
			name = "[CP] Embed Pods Frameworks";
			outputFileListPaths = (
				"${PODS_ROOT}/Target Support Files/Pods-RandomGame/Pods-RandomGame-frameworks-${CONFIGURATION}-output-files.xcfilelist",
			);
			runOnlyForDeploymentPostprocessing = 0;
			shellPath = /bin/sh;
			shellScript = "\"${PODS_ROOT}/Target Support Files/Pods-RandomGame/Pods-RandomGame-frameworks.sh\"\n";
			showEnvVarsInLog = 0;
		};
		ACA7B3CF45FB45495A45AC67 /* [CP] Check Pods Manifest.lock */ = {
			isa = PBXShellScriptBuildPhase;
			buildActionMask = 2147483647;
			files = (
			);
			inputFileListPaths = (
			);
			inputPaths = (
				"${PODS_PODFILE_DIR_PATH}/Podfile.lock",
				"${PODS_ROOT}/Manifest.lock",
			);
			name = "[CP] Check Pods Manifest.lock";
			outputFileListPaths = (
			);
			outputPaths = (
				"$(DERIVED_FILE_DIR)/Pods-RandomGame-checkManifestLockResult.txt",
			);
			runOnlyForDeploymentPostprocessing = 0;
			shellPath = /bin/sh;
			shellScript = "diff \"${PODS_PODFILE_DIR_PATH}/Podfile.lock\" \"${PODS_ROOT}/Manifest.lock\" > /dev/null\nif [ $? != 0 ] ; then\n    # print error to STDERR\n    echo \"error: The sandbox is not in sync with the Podfile.lock. Run 'pod install' or update your CocoaPods installation.\" >&2\n    exit 1\nfi\n# This output is used by Xcode 'outputs' to avoid re-running this script phase.\necho \"SUCCESS\" > \"${SCRIPT_OUTPUT_FILE_0}\"\n";
			showEnvVarsInLog = 0;
		};
/* End PBXShellScriptBuildPhase section */

/* Begin PBXSourcesBuildPhase section */
		A67A5B3F26CF54680020944B /* Sources */ = {
			isa = PBXSourcesBuildPhase;
			buildActionMask = 2147483647;
			files = (
				A67A5B4B26CF54680020944B /* RandomGameViewController.swift in Sources */,
				A67A5B4726CF54680020944B /* AppDelegate.swift in Sources */,
				A67A5B4926CF54680020944B /* SceneDelegate.swift in Sources */,
				A69429AE26D0C7AC008C0F61 /* ResultViewController.swift in Sources */,
			);
			runOnlyForDeploymentPostprocessing = 0;
		};
/* End PBXSourcesBuildPhase section */

/* Begin PBXVariantGroup section */
		A67A5B4C26CF54680020944B /* Main.storyboard */ = {
			isa = PBXVariantGroup;
			children = (
				A67A5B4D26CF54680020944B /* Base */,
			);
			name = Main.storyboard;
			sourceTree = "<group>";
		};
		A67A5B5126CF546A0020944B /* LaunchScreen.storyboard */ = {
			isa = PBXVariantGroup;
			children = (
				A67A5B5226CF546A0020944B /* Base */,
			);
			name = LaunchScreen.storyboard;
			sourceTree = "<group>";
		};
/* End PBXVariantGroup section */

/* Begin XCBuildConfiguration section */
		A67A5B5526CF546A0020944B /* Debug */ = {
			isa = XCBuildConfiguration;
			buildSettings = {
				ALWAYS_SEARCH_USER_PATHS = NO;
				CLANG_ANALYZER_NONNULL = YES;
				CLANG_ANALYZER_NUMBER_OBJECT_CONVERSION = YES_AGGRESSIVE;
				CLANG_CXX_LANGUAGE_STANDARD = "gnu++14";
				CLANG_CXX_LIBRARY = "libc++";
				CLANG_ENABLE_MODULES = YES;
				CLANG_ENABLE_OBJC_ARC = YES;
				CLANG_ENABLE_OBJC_WEAK = YES;
				CLANG_WARN_BLOCK_CAPTURE_AUTORELEASING = YES;
				CLANG_WARN_BOOL_CONVERSION = YES;
				CLANG_WARN_COMMA = YES;
				CLANG_WARN_CONSTANT_CONVERSION = YES;
				CLANG_WARN_DEPRECATED_OBJC_IMPLEMENTATIONS = YES;
				CLANG_WARN_DIRECT_OBJC_ISA_USAGE = YES_ERROR;
				CLANG_WARN_DOCUMENTATION_COMMENTS = YES;
				CLANG_WARN_EMPTY_BODY = YES;
				CLANG_WARN_ENUM_CONVERSION = YES;
				CLANG_WARN_INFINITE_RECURSION = YES;
				CLANG_WARN_INT_CONVERSION = YES;
				CLANG_WARN_NON_LITERAL_NULL_CONVERSION = YES;
				CLANG_WARN_OBJC_IMPLICIT_RETAIN_SELF = YES;
				CLANG_WARN_OBJC_LITERAL_CONVERSION = YES;
				CLANG_WARN_OBJC_ROOT_CLASS = YES_ERROR;
				CLANG_WARN_QUOTED_INCLUDE_IN_FRAMEWORK_HEADER = YES;
				CLANG_WARN_RANGE_LOOP_ANALYSIS = YES;
				CLANG_WARN_STRICT_PROTOTYPES = YES;
				CLANG_WARN_SUSPICIOUS_MOVE = YES;
				CLANG_WARN_UNGUARDED_AVAILABILITY = YES_AGGRESSIVE;
				CLANG_WARN_UNREACHABLE_CODE = YES;
				CLANG_WARN__DUPLICATE_METHOD_MATCH = YES;
				COPY_PHASE_STRIP = NO;
				DEBUG_INFORMATION_FORMAT = dwarf;
				ENABLE_STRICT_OBJC_MSGSEND = YES;
				ENABLE_TESTABILITY = YES;
				GCC_C_LANGUAGE_STANDARD = gnu11;
				GCC_DYNAMIC_NO_PIC = NO;
				GCC_NO_COMMON_BLOCKS = YES;
				GCC_OPTIMIZATION_LEVEL = 0;
				GCC_PREPROCESSOR_DEFINITIONS = (
					"DEBUG=1",
					"$(inherited)",
				);
				GCC_WARN_64_TO_32_BIT_CONVERSION = YES;
				GCC_WARN_ABOUT_RETURN_TYPE = YES_ERROR;
				GCC_WARN_UNDECLARED_SELECTOR = YES;
				GCC_WARN_UNINITIALIZED_AUTOS = YES_AGGRESSIVE;
				GCC_WARN_UNUSED_FUNCTION = YES;
				GCC_WARN_UNUSED_VARIABLE = YES;
				IPHONEOS_DEPLOYMENT_TARGET = 14.5;
				MTL_ENABLE_DEBUG_INFO = INCLUDE_SOURCE;
				MTL_FAST_MATH = YES;
				ONLY_ACTIVE_ARCH = YES;
				SDKROOT = iphoneos;
				SWIFT_ACTIVE_COMPILATION_CONDITIONS = DEBUG;
				SWIFT_OPTIMIZATION_LEVEL = "-Onone";
			};
			name = Debug;
		};
		A67A5B5626CF546A0020944B /* Release */ = {
			isa = XCBuildConfiguration;
			buildSettings = {
				ALWAYS_SEARCH_USER_PATHS = NO;
				CLANG_ANALYZER_NONNULL = YES;
				CLANG_ANALYZER_NUMBER_OBJECT_CONVERSION = YES_AGGRESSIVE;
				CLANG_CXX_LANGUAGE_STANDARD = "gnu++14";
				CLANG_CXX_LIBRARY = "libc++";
				CLANG_ENABLE_MODULES = YES;
				CLANG_ENABLE_OBJC_ARC = YES;
				CLANG_ENABLE_OBJC_WEAK = YES;
				CLANG_WARN_BLOCK_CAPTURE_AUTORELEASING = YES;
				CLANG_WARN_BOOL_CONVERSION = YES;
				CLANG_WARN_COMMA = YES;
				CLANG_WARN_CONSTANT_CONVERSION = YES;
				CLANG_WARN_DEPRECATED_OBJC_IMPLEMENTATIONS = YES;
				CLANG_WARN_DIRECT_OBJC_ISA_USAGE = YES_ERROR;
				CLANG_WARN_DOCUMENTATION_COMMENTS = YES;
				CLANG_WARN_EMPTY_BODY = YES;
				CLANG_WARN_ENUM_CONVERSION = YES;
				CLANG_WARN_INFINITE_RECURSION = YES;
				CLANG_WARN_INT_CONVERSION = YES;
				CLANG_WARN_NON_LITERAL_NULL_CONVERSION = YES;
				CLANG_WARN_OBJC_IMPLICIT_RETAIN_SELF = YES;
				CLANG_WARN_OBJC_LITERAL_CONVERSION = YES;
				CLANG_WARN_OBJC_ROOT_CLASS = YES_ERROR;
				CLANG_WARN_QUOTED_INCLUDE_IN_FRAMEWORK_HEADER = YES;
				CLANG_WARN_RANGE_LOOP_ANALYSIS = YES;
				CLANG_WARN_STRICT_PROTOTYPES = YES;
				CLANG_WARN_SUSPICIOUS_MOVE = YES;
				CLANG_WARN_UNGUARDED_AVAILABILITY = YES_AGGRESSIVE;
				CLANG_WARN_UNREACHABLE_CODE = YES;
				CLANG_WARN__DUPLICATE_METHOD_MATCH = YES;
				COPY_PHASE_STRIP = NO;
				DEBUG_INFORMATION_FORMAT = "dwarf-with-dsym";
				ENABLE_NS_ASSERTIONS = NO;
				ENABLE_STRICT_OBJC_MSGSEND = YES;
				GCC_C_LANGUAGE_STANDARD = gnu11;
				GCC_NO_COMMON_BLOCKS = YES;
				GCC_WARN_64_TO_32_BIT_CONVERSION = YES;
				GCC_WARN_ABOUT_RETURN_TYPE = YES_ERROR;
				GCC_WARN_UNDECLARED_SELECTOR = YES;
				GCC_WARN_UNINITIALIZED_AUTOS = YES_AGGRESSIVE;
				GCC_WARN_UNUSED_FUNCTION = YES;
				GCC_WARN_UNUSED_VARIABLE = YES;
				IPHONEOS_DEPLOYMENT_TARGET = 14.5;
				MTL_ENABLE_DEBUG_INFO = NO;
				MTL_FAST_MATH = YES;
				SDKROOT = iphoneos;
				SWIFT_COMPILATION_MODE = wholemodule;
				SWIFT_OPTIMIZATION_LEVEL = "-O";
				VALIDATE_PRODUCT = YES;
			};
			name = Release;
		};
		A67A5B5826CF546A0020944B /* Debug */ = {
			isa = XCBuildConfiguration;
			baseConfigurationReference = A1B46619BFDA5EBAA69A7D2E /* Pods-RandomGame.debug.xcconfig */;
			buildSettings = {
				ASSETCATALOG_COMPILER_APPICON_NAME = AppIcon;
				ASSETCATALOG_COMPILER_GLOBAL_ACCENT_COLOR_NAME = AccentColor;
				CODE_SIGN_STYLE = Automatic;
				DEVELOPMENT_TEAM = RL265827ML;
				INFOPLIST_FILE = RandomGame/Info.plist;
				LD_RUNPATH_SEARCH_PATHS = (
					"$(inherited)",
					"@executable_path/Frameworks",
				);
				PRODUCT_BUNDLE_IDENTIFIER = limjs.RandomGame;
				PRODUCT_NAME = "$(TARGET_NAME)";
				SWIFT_VERSION = 5.0;
				TARGETED_DEVICE_FAMILY = "1,2";
			};
			name = Debug;
		};
		A67A5B5926CF546A0020944B /* Release */ = {
			isa = XCBuildConfiguration;
			baseConfigurationReference = BB752439B5D55509995C7B34 /* Pods-RandomGame.release.xcconfig */;
			buildSettings = {
				ASSETCATALOG_COMPILER_APPICON_NAME = AppIcon;
				ASSETCATALOG_COMPILER_GLOBAL_ACCENT_COLOR_NAME = AccentColor;
				CODE_SIGN_STYLE = Automatic;
				DEVELOPMENT_TEAM = RL265827ML;
				INFOPLIST_FILE = RandomGame/Info.plist;
				LD_RUNPATH_SEARCH_PATHS = (
					"$(inherited)",
					"@executable_path/Frameworks",
				);
				PRODUCT_BUNDLE_IDENTIFIER = limjs.RandomGame;
				PRODUCT_NAME = "$(TARGET_NAME)";
				SWIFT_VERSION = 5.0;
				TARGETED_DEVICE_FAMILY = "1,2";
			};
			name = Release;
		};
/* End XCBuildConfiguration section */

/* Begin XCConfigurationList section */
		A67A5B3E26CF54680020944B /* Build configuration list for PBXProject "RandomGame" */ = {
			isa = XCConfigurationList;
			buildConfigurations = (
				A67A5B5526CF546A0020944B /* Debug */,
				A67A5B5626CF546A0020944B /* Release */,
			);
			defaultConfigurationIsVisible = 0;
			defaultConfigurationName = Release;
		};
		A67A5B5726CF546A0020944B /* Build configuration list for PBXNativeTarget "RandomGame" */ = {
			isa = XCConfigurationList;
			buildConfigurations = (
				A67A5B5826CF546A0020944B /* Debug */,
				A67A5B5926CF546A0020944B /* Release */,
			);
			defaultConfigurationIsVisible = 0;
			defaultConfigurationName = Release;
		};
/* End XCConfigurationList section */
	};
	rootObject = A67A5B3B26CF54680020944B /* Project object */;
}
